
Microsoft Visual Studio Solution File, Format Version 12.00
# Visual Studio Version 17
VisualStudioVersion = 17.4.33213.308
MinimumVisualStudioVersion = 10.0.40219.1
Project("{2150E333-8FDC-42A3-9474-1A3956D46DE8}") = "src", "src", "{1CDE5C0B-B726-4346-8CFF-C843B4A4EBB7}"
EndProject
Project("{2150E333-8FDC-42A3-9474-1A3956D46DE8}") = "Presentation", "Presentation", "{7F58A74A-9ED3-4DE7-886D-E1864EC45928}"
EndProject
Project("{FAE04EC0-301F-11D3-BF4B-00C04F79EFBC}") = "Westeros", "Presentation\Westeros\Westeros.csproj", "{4E893E74-F2FE-4E4D-AEA8-07ABFB965F97}"
EndProject
Project("{2150E333-8FDC-42A3-9474-1A3956D46DE8}") = "Core", "Core", "{D47C3747-4124-4CB4-91A2-3A14884A77E3}"
EndProject
Project("{2150E333-8FDC-42A3-9474-1A3956D46DE8}") = "Persistence", "Persistence", "{4EF8D795-9BCB-4E4F-B0B0-D77B155B4A69}"
EndProject
Project("{FAE04EC0-301F-11D3-BF4B-00C04F79EFBC}") = "Domain", "Core\Domain\Domain.csproj", "{A03132CE-CBEB-4E7E-9C48-5A60821C70DE}"
EndProject
Project("{FAE04EC0-301F-11D3-BF4B-00C04F79EFBC}") = "Application", "Core\Application\Application.csproj", "{F165B1EE-5537-444C-91D6-F7C0974CA732}"
EndProject
Project("{FAE04EC0-301F-11D3-BF4B-00C04F79EFBC}") = "Infrastructure", "Persistence\Infrastructure\Infrastructure.csproj", "{671F0447-B7E7-47F7-93B3-115AD2B89C15}"
EndProject
Project("{2150E333-8FDC-42A3-9474-1A3956D46DE8}") = "Shared", "Shared", "{EA866B8F-B8B7-4CF0-B284-0283F5F3B049}"
EndProject
Project("{FAE04EC0-301F-11D3-BF4B-00C04F79EFBC}") = "SharedKernel", "Shared\SharedKernel\SharedKernel.csproj", "{71AC01DA-A355-42CB-9ED7-DC40E51416EA}"
EndProject
Global
	GlobalSection(SolutionConfigurationPlatforms) = preSolution
		Debug|Any CPU = Debug|Any CPU
		Release|Any CPU = Release|Any CPU
	EndGlobalSection
	GlobalSection(ProjectConfigurationPlatforms) = postSolution
		{4E893E74-F2FE-4E4D-AEA8-07ABFB965F97}.Debug|Any CPU.ActiveCfg = Debug|Any CPU
		{4E893E74-F2FE-4E4D-AEA8-07ABFB965F97}.Debug|Any CPU.Build.0 = Debug|Any CPU
		{4E893E74-F2FE-4E4D-AEA8-07ABFB965F97}.Release|Any CPU.ActiveCfg = Release|Any CPU
		{4E893E74-F2FE-4E4D-AEA8-07ABFB965F97}.Release|Any CPU.Build.0 = Release|Any CPU
		{A03132CE-CBEB-4E7E-9C48-5A60821C70DE}.Debug|Any CPU.ActiveCfg = Debug|Any CPU
		{A03132CE-CBEB-4E7E-9C48-5A60821C70DE}.Debug|Any CPU.Build.0 = Debug|Any CPU
		{A03132CE-CBEB-4E7E-9C48-5A60821C70DE}.Release|Any CPU.ActiveCfg = Release|Any CPU
		{A03132CE-CBEB-4E7E-9C48-5A60821C70DE}.Release|Any CPU.Build.0 = Release|Any CPU
		{F165B1EE-5537-444C-91D6-F7C0974CA732}.Debug|Any CPU.ActiveCfg = Debug|Any CPU
		{F165B1EE-5537-444C-91D6-F7C0974CA732}.Debug|Any CPU.Build.0 = Debug|Any CPU
		{F165B1EE-5537-444C-91D6-F7C0974CA732}.Release|Any CPU.ActiveCfg = Release|Any CPU
		{F165B1EE-5537-444C-91D6-F7C0974CA732}.Release|Any CPU.Build.0 = Release|Any CPU
		{671F0447-B7E7-47F7-93B3-115AD2B89C15}.Debug|Any CPU.ActiveCfg = Debug|Any CPU
		{671F0447-B7E7-47F7-93B3-115AD2B89C15}.Debug|Any CPU.Build.0 = Debug|Any CPU
		{671F0447-B7E7-47F7-93B3-115AD2B89C15}.Release|Any CPU.ActiveCfg = Release|Any CPU
		{671F0447-B7E7-47F7-93B3-115AD2B89C15}.Release|Any CPU.Build.0 = Release|Any CPU
		{71AC01DA-A355-42CB-9ED7-DC40E51416EA}.Debug|Any CPU.ActiveCfg = Debug|Any CPU
		{71AC01DA-A355-42CB-9ED7-DC40E51416EA}.Debug|Any CPU.Build.0 = Debug|Any CPU
		{71AC01DA-A355-42CB-9ED7-DC40E51416EA}.Release|Any CPU.ActiveCfg = Release|Any CPU
		{71AC01DA-A355-42CB-9ED7-DC40E51416EA}.Release|Any CPU.Build.0 = Release|Any CPU
	EndGlobalSection
	GlobalSection(SolutionProperties) = preSolution
		HideSolutionNode = FALSE
	EndGlobalSection
	GlobalSection(NestedProjects) = preSolution
		{7F58A74A-9ED3-4DE7-886D-E1864EC45928} = {1CDE5C0B-B726-4346-8CFF-C843B4A4EBB7}
		{4E893E74-F2FE-4E4D-AEA8-07ABFB965F97} = {7F58A74A-9ED3-4DE7-886D-E1864EC45928}
		{D47C3747-4124-4CB4-91A2-3A14884A77E3} = {1CDE5C0B-B726-4346-8CFF-C843B4A4EBB7}
		{4EF8D795-9BCB-4E4F-B0B0-D77B155B4A69} = {1CDE5C0B-B726-4346-8CFF-C843B4A4EBB7}
		{A03132CE-CBEB-4E7E-9C48-5A60821C70DE} = {D47C3747-4124-4CB4-91A2-3A14884A77E3}
		{F165B1EE-5537-444C-91D6-F7C0974CA732} = {D47C3747-4124-4CB4-91A2-3A14884A77E3}
		{671F0447-B7E7-47F7-93B3-115AD2B89C15} = {4EF8D795-9BCB-4E4F-B0B0-D77B155B4A69}
		{EA866B8F-B8B7-4CF0-B284-0283F5F3B049} = {1CDE5C0B-B726-4346-8CFF-C843B4A4EBB7}
		{71AC01DA-A355-42CB-9ED7-DC40E51416EA} = {EA866B8F-B8B7-4CF0-B284-0283F5F3B049}
	EndGlobalSection
	GlobalSection(ExtensibilityGlobals) = postSolution
		SolutionGuid = {2CBA6578-7F42-4024-9C99-58B91D9E3DDF}
	EndGlobalSection
EndGlobal
