
Microsoft Visual Studio Solution File, Format Version 12.00
# Visual Studio Version 17
VisualStudioVersion = 17.4.33213.308
MinimumVisualStudioVersion = 10.0.40219.1
Project("{2150E333-8FDC-42A3-9474-1A3956D46DE8}") = "src", "src", "{094D4932-06CA-4655-8E04-357714E4DFDC}"
EndProject
Project("{2150E333-8FDC-42A3-9474-1A3956D46DE8}") = "Core", "Core", "{6957A82D-4387-4EE9-9279-0DC8C0757B37}"
EndProject
Project("{2150E333-8FDC-42A3-9474-1A3956D46DE8}") = "Persistence", "Persistence", "{52A690DC-B3CE-4721-9193-8F4C2C053E1F}"
EndProject
Project("{2150E333-8FDC-42A3-9474-1A3956D46DE8}") = "Presentation", "Presentation", "{7AB5D178-B7EA-4BDA-8CE6-DFE4FAA30CD9}"
EndProject
Project("{9A19103F-16F7-4668-BE54-9A1E7A4F7556}") = "Api", "backend\Api\Api.csproj", "{D2F5BEC4-7C30-4DF1-9BA5-F922DBCB598D}"
EndProject
Project("{9A19103F-16F7-4668-BE54-9A1E7A4F7556}") = "Domain", "backend\Domain\Domain.csproj", "{262679BF-DE8F-4AE3-928F-B9BF11160993}"
EndProject
Project("{9A19103F-16F7-4668-BE54-9A1E7A4F7556}") = "Application", "backend\Application\Application.csproj", "{A8B3AC39-7D18-41A8-9E0F-9413F1D36498}"
EndProject
Project("{9A19103F-16F7-4668-BE54-9A1E7A4F7556}") = "Infrastructure", "backend\Infrastructure\Infrastructure.csproj", "{C351E53A-DE0B-487E-9F4F-091195043DB3}"
EndProject
Project("{2150E333-8FDC-42A3-9474-1A3956D46DE8}") = "solution-items", "solution-items", "{B0099F1C-F554-49BF-B21E-1E8246DE0F81}"
	ProjectSection(SolutionItems) = preProject
		Directory.Build.props = Directory.Build.props
	EndProjectSection
EndProject
Global
	GlobalSection(SolutionConfigurationPlatforms) = preSolution
		Debug|Any CPU = Debug|Any CPU
		Release|Any CPU = Release|Any CPU
	EndGlobalSection
	GlobalSection(ProjectConfigurationPlatforms) = postSolution
		{D2F5BEC4-7C30-4DF1-9BA5-F922DBCB598D}.Debug|Any CPU.ActiveCfg = Debug|Any CPU
		{D2F5BEC4-7C30-4DF1-9BA5-F922DBCB598D}.Debug|Any CPU.Build.0 = Debug|Any CPU
		{D2F5BEC4-7C30-4DF1-9BA5-F922DBCB598D}.Release|Any CPU.ActiveCfg = Release|Any CPU
		{D2F5BEC4-7C30-4DF1-9BA5-F922DBCB598D}.Release|Any CPU.Build.0 = Release|Any CPU
		{262679BF-DE8F-4AE3-928F-B9BF11160993}.Debug|Any CPU.ActiveCfg = Debug|Any CPU
		{262679BF-DE8F-4AE3-928F-B9BF11160993}.Debug|Any CPU.Build.0 = Debug|Any CPU
		{262679BF-DE8F-4AE3-928F-B9BF11160993}.Release|Any CPU.ActiveCfg = Release|Any CPU
		{262679BF-DE8F-4AE3-928F-B9BF11160993}.Release|Any CPU.Build.0 = Release|Any CPU
		{A8B3AC39-7D18-41A8-9E0F-9413F1D36498}.Debug|Any CPU.ActiveCfg = Debug|Any CPU
		{A8B3AC39-7D18-41A8-9E0F-9413F1D36498}.Debug|Any CPU.Build.0 = Debug|Any CPU
		{A8B3AC39-7D18-41A8-9E0F-9413F1D36498}.Release|Any CPU.ActiveCfg = Release|Any CPU
		{A8B3AC39-7D18-41A8-9E0F-9413F1D36498}.Release|Any CPU.Build.0 = Release|Any CPU
		{C351E53A-DE0B-487E-9F4F-091195043DB3}.Debug|Any CPU.ActiveCfg = Debug|Any CPU
		{C351E53A-DE0B-487E-9F4F-091195043DB3}.Debug|Any CPU.Build.0 = Debug|Any CPU
		{C351E53A-DE0B-487E-9F4F-091195043DB3}.Release|Any CPU.ActiveCfg = Release|Any CPU
		{C351E53A-DE0B-487E-9F4F-091195043DB3}.Release|Any CPU.Build.0 = Release|Any CPU
	EndGlobalSection
	GlobalSection(SolutionProperties) = preSolution
		HideSolutionNode = FALSE
	EndGlobalSection
	GlobalSection(NestedProjects) = preSolution
		{6957A82D-4387-4EE9-9279-0DC8C0757B37} = {094D4932-06CA-4655-8E04-357714E4DFDC}
		{52A690DC-B3CE-4721-9193-8F4C2C053E1F} = {094D4932-06CA-4655-8E04-357714E4DFDC}
		{7AB5D178-B7EA-4BDA-8CE6-DFE4FAA30CD9} = {094D4932-06CA-4655-8E04-357714E4DFDC}
		{D2F5BEC4-7C30-4DF1-9BA5-F922DBCB598D} = {7AB5D178-B7EA-4BDA-8CE6-DFE4FAA30CD9}
		{262679BF-DE8F-4AE3-928F-B9BF11160993} = {6957A82D-4387-4EE9-9279-0DC8C0757B37}
		{A8B3AC39-7D18-41A8-9E0F-9413F1D36498} = {6957A82D-4387-4EE9-9279-0DC8C0757B37}
		{C351E53A-DE0B-487E-9F4F-091195043DB3} = {52A690DC-B3CE-4721-9193-8F4C2C053E1F}
	EndGlobalSection
	GlobalSection(ExtensibilityGlobals) = postSolution
		SolutionGuid = {2CBA6578-7F42-4024-9C99-58B91D9E3DDF}
	EndGlobalSection
EndGlobal
